
Microsoft Visual Studio Solution File, Format Version 12.00
# Visual Studio Version 16
VisualStudioVersion = 16.0.30523.141
MinimumVisualStudioVersion = 10.0.40219.1
Project("{8BC9CEB8-8B4A-11D0-8D11-00A0C91BC942}") = "PymScanner", "PymScanner\PymScanner.vcxproj", "{2C10E438-E1A5-42EB-869F-52B432F6EDE1}"
EndProject
Project("{8BC9CEB8-8B4A-11D0-8D11-00A0C91BC942}") = "PymParser", "PymParser\PymParser.vcxproj", "{953D1C72-57BE-42D1-822D-ECE719E1BAA3}"
	ProjectSection(ProjectDependencies) = postProject
		{2C10E438-E1A5-42EB-869F-52B432F6EDE1} = {2C10E438-E1A5-42EB-869F-52B432F6EDE1}
	EndProjectSection
EndProject
Global
	GlobalSection(SolutionConfigurationPlatforms) = preSolution
		Debug|x64 = Debug|x64
		Debug|x86 = Debug|x86
		Release|x64 = Release|x64
		Release|x86 = Release|x86
	EndGlobalSection
	GlobalSection(ProjectConfigurationPlatforms) = postSolution
		{2C10E438-E1A5-42EB-869F-52B432F6EDE1}.Debug|x64.ActiveCfg = Debug|x64
		{2C10E438-E1A5-42EB-869F-52B432F6EDE1}.Debug|x64.Build.0 = Debug|x64
		{2C10E438-E1A5-42EB-869F-52B432F6EDE1}.Debug|x86.ActiveCfg = Debug|Win32
		{2C10E438-E1A5-42EB-869F-52B432F6EDE1}.Debug|x86.Build.0 = Debug|Win32
		{2C10E438-E1A5-42EB-869F-52B432F6EDE1}.Release|x64.ActiveCfg = Release|x64
		{2C10E438-E1A5-42EB-869F-52B432F6EDE1}.Release|x64.Build.0 = Release|x64
		{2C10E438-E1A5-42EB-869F-52B432F6EDE1}.Release|x86.ActiveCfg = Release|Win32
		{2C10E438-E1A5-42EB-869F-52B432F6EDE1}.Release|x86.Build.0 = Release|Win32
		{953D1C72-57BE-42D1-822D-ECE719E1BAA3}.Debug|x64.ActiveCfg = Debug|x64
		{953D1C72-57BE-42D1-822D-ECE719E1BAA3}.Debug|x64.Build.0 = Debug|x64
		{953D1C72-57BE-42D1-822D-ECE719E1BAA3}.Debug|x86.ActiveCfg = Debug|Win32
		{953D1C72-57BE-42D1-822D-ECE719E1BAA3}.Debug|x86.Build.0 = Debug|Win32
		{953D1C72-57BE-42D1-822D-ECE719E1BAA3}.Release|x64.ActiveCfg = Release|x64
		{953D1C72-57BE-42D1-822D-ECE719E1BAA3}.Release|x64.Build.0 = Release|x64
		{953D1C72-57BE-42D1-822D-ECE719E1BAA3}.Release|x86.ActiveCfg = Release|Win32
		{953D1C72-57BE-42D1-822D-ECE719E1BAA3}.Release|x86.Build.0 = Release|Win32
	EndGlobalSection
	GlobalSection(SolutionProperties) = preSolution
		HideSolutionNode = FALSE
	EndGlobalSection
	GlobalSection(ExtensibilityGlobals) = postSolution
		SolutionGuid = {45494454-FAF1-4CE5-BBC6-7C7FDC5F563B}
	EndGlobalSection
EndGlobal
